
Microsoft Visual Studio Solution File, Format Version 12.00
# Visual Studio Version 16
VisualStudioVersion = 16.0.31424.327
MinimumVisualStudioVersion = 10.0.40219.1
Project("{FAE04EC0-301F-11D3-BF4B-00C04F79EFBC}") = "Task3", "DZ_1 CSharp\Task3.csproj", "{0B61CEA9-8823-4B9D-B05B-4177A3E026E8}"
EndProject
Project("{FAE04EC0-301F-11D3-BF4B-00C04F79EFBC}") = "Task1", "Task1\Task1.csproj", "{8D1A7F45-AEF6-41AF-B655-6D214F56F3FA}"
EndProject
Project("{FAE04EC0-301F-11D3-BF4B-00C04F79EFBC}") = "Task2", "Task2\Task2.csproj", "{D1A72546-A2A6-4E0F-B23C-8560FC4F3091}"
EndProject
Global
	GlobalSection(SolutionConfigurationPlatforms) = preSolution
		Debug|Any CPU = Debug|Any CPU
		Release|Any CPU = Release|Any CPU
	EndGlobalSection
	GlobalSection(ProjectConfigurationPlatforms) = postSolution
		{0B61CEA9-8823-4B9D-B05B-4177A3E026E8}.Debug|Any CPU.ActiveCfg = Debug|Any CPU
		{0B61CEA9-8823-4B9D-B05B-4177A3E026E8}.Debug|Any CPU.Build.0 = Debug|Any CPU
		{0B61CEA9-8823-4B9D-B05B-4177A3E026E8}.Release|Any CPU.ActiveCfg = Release|Any CPU
		{0B61CEA9-8823-4B9D-B05B-4177A3E026E8}.Release|Any CPU.Build.0 = Release|Any CPU
		{8D1A7F45-AEF6-41AF-B655-6D214F56F3FA}.Debug|Any CPU.ActiveCfg = Debug|Any CPU
		{8D1A7F45-AEF6-41AF-B655-6D214F56F3FA}.Debug|Any CPU.Build.0 = Debug|Any CPU
		{8D1A7F45-AEF6-41AF-B655-6D214F56F3FA}.Release|Any CPU.ActiveCfg = Release|Any CPU
		{8D1A7F45-AEF6-41AF-B655-6D214F56F3FA}.Release|Any CPU.Build.0 = Release|Any CPU
		{D1A72546-A2A6-4E0F-B23C-8560FC4F3091}.Debug|Any CPU.ActiveCfg = Debug|Any CPU
		{D1A72546-A2A6-4E0F-B23C-8560FC4F3091}.Debug|Any CPU.Build.0 = Debug|Any CPU
		{D1A72546-A2A6-4E0F-B23C-8560FC4F3091}.Release|Any CPU.ActiveCfg = Release|Any CPU
		{D1A72546-A2A6-4E0F-B23C-8560FC4F3091}.Release|Any CPU.Build.0 = Release|Any CPU
	EndGlobalSection
	GlobalSection(SolutionProperties) = preSolution
		HideSolutionNode = FALSE
	EndGlobalSection
	GlobalSection(ExtensibilityGlobals) = postSolution
		SolutionGuid = {B5724FE9-3E41-435F-ADD5-D99E2051A2C7}
	EndGlobalSection
EndGlobal
